{
  "name": "@voicenter-team/vsip",
  "version": "1.0.8",
  "lockfileVersion": 1,
  "requires": true,
  "dependencies": {
    "loglevel": {
      "version": "1.7.1",
      "resolved": "https://registry.npmjs.org/loglevel/-/loglevel-1.7.1.tgz",
      "integrity": "sha512-Hesni4s5UkWkwCGJMQGAh71PaLUmKFM60dHvq0zi/vDhhrzuk+4GgNbTXJ12YYQJn6ZKBDNIjYcuQGKudvqrIw=="
    },
    "short-unique-id": {
      "version": "4.4.4",
      "resolved": "https://registry.npmjs.org/short-unique-id/-/short-unique-id-4.4.4.tgz",
      "integrity": "sha512-oLF1NCmtbiTWl2SqdXZQbo5KM1b7axdp0RgQLq8qCBBLoq+o3A5wmLrNM6bZIh54/a8BJ3l69kTXuxwZ+XCYuw=="
    },
    "webrtcmetrics": {
      "version": "5.0.3",
      "resolved": "https://registry.npmjs.org/webrtcmetrics/-/webrtcmetrics-5.0.3.tgz",
      "integrity": "sha512-HrDbTqtYHFav/h5fUbhSV8u5XUhX/KPideKO1+9EKGe/1IhowBvE1EfWm/BeQDD9YH8eDnlj0IxXC4LaWhTbsg==",
      "requires": {
        "loglevel": "1.7.1",
        "short-unique-id": "^4.4.4"
      }
    }
  }
}
